
Microsoft Visual Studio Solution File, Format Version 12.00
# Visual Studio Version 16
VisualStudioVersion = 16.0.31019.35
MinimumVisualStudioVersion = 10.0.40219.1
Project("{FAE04EC0-301F-11D3-BF4B-00C04F79EFBC}") = "MoneyGamingSolution", "MoneyGamingSolution\MoneyGamingSolution.csproj", "{BDAF5A8E-BE3B-46F9-953C-BBCB27D4E216}"
EndProject
Global
	GlobalSection(SolutionConfigurationPlatforms) = preSolution
		Debug|Any CPU = Debug|Any CPU
		Release|Any CPU = Release|Any CPU
	EndGlobalSection
	GlobalSection(ProjectConfigurationPlatforms) = postSolution
		{BDAF5A8E-BE3B-46F9-953C-BBCB27D4E216}.Debug|Any CPU.ActiveCfg = Debug|Any CPU
		{BDAF5A8E-BE3B-46F9-953C-BBCB27D4E216}.Debug|Any CPU.Build.0 = Debug|Any CPU
		{BDAF5A8E-BE3B-46F9-953C-BBCB27D4E216}.Release|Any CPU.ActiveCfg = Release|Any CPU
		{BDAF5A8E-BE3B-46F9-953C-BBCB27D4E216}.Release|Any CPU.Build.0 = Release|Any CPU
	EndGlobalSection
	GlobalSection(SolutionProperties) = preSolution
		HideSolutionNode = FALSE
	EndGlobalSection
	GlobalSection(ExtensibilityGlobals) = postSolution
		SolutionGuid = {7496F27E-9CAD-45AA-B910-1749B05B3F48}
	EndGlobalSection
EndGlobal
